// !$*UTF8*$!
{
	archiveVersion = 1;
	classes = {
	};
	objectVersion = 50;
	objects = {

/* Begin PBXBuildFile section */
		C21A9BB0263C681000E89420 /* DoggiePediaModel 36 Breeds.mlmodel in Sources */ = {isa = PBXBuildFile; fileRef = C21A9BAF263C681000E89420 /* DoggiePediaModel 36 Breeds.mlmodel */; };
		C2353A3A264B06DD00F507BB /* DoggiePediaModel.swift in Sources */ = {isa = PBXBuildFile; fileRef = C2353A39264B06DD00F507BB /* DoggiePediaModel.swift */; };
		C2353A3C264B07B600F507BB /* DoggiePediaViewModel.swift in Sources */ = {isa = PBXBuildFile; fileRef = C2353A3B264B07B600F507BB /* DoggiePediaViewModel.swift */; };
		C2A64B50263081E8008A9710 /* AppDelegate.swift in Sources */ = {isa = PBXBuildFile; fileRef = C2A64B4F263081E8008A9710 /* AppDelegate.swift */; };
		C2A64B52263081E8008A9710 /* SceneDelegate.swift in Sources */ = {isa = PBXBuildFile; fileRef = C2A64B51263081E8008A9710 /* SceneDelegate.swift */; };
		C2A64B54263081E8008A9710 /* ContentView.swift in Sources */ = {isa = PBXBuildFile; fileRef = C2A64B53263081E8008A9710 /* ContentView.swift */; };
		C2A64B57263081E8008A9710 /* doggiepedia.xcdatamodeld in Sources */ = {isa = PBXBuildFile; fileRef = C2A64B55263081E8008A9710 /* doggiepedia.xcdatamodeld */; };
		C2A64B59263081E9008A9710 /* Assets.xcassets in Resources */ = {isa = PBXBuildFile; fileRef = C2A64B58263081E9008A9710 /* Assets.xcassets */; };
		C2A64B5C263081E9008A9710 /* Preview Assets.xcassets in Resources */ = {isa = PBXBuildFile; fileRef = C2A64B5B263081E9008A9710 /* Preview Assets.xcassets */; };
		C2A64B5F263081E9008A9710 /* LaunchScreen.storyboard in Resources */ = {isa = PBXBuildFile; fileRef = C2A64B5D263081E9008A9710 /* LaunchScreen.storyboard */; };
		C2EE1DA5264332DB00C57252 /* Coordinator.swift in Sources */ = {isa = PBXBuildFile; fileRef = C2EE1DA4264332DB00C57252 /* Coordinator.swift */; };
/* End PBXBuildFile section */

/* Begin PBXFileReference section */
		C21A9BAF263C681000E89420 /* DoggiePediaModel 36 Breeds.mlmodel */ = {isa = PBXFileReference; lastKnownFileType = file.mlmodel; path = "DoggiePediaModel 36 Breeds.mlmodel"; sourceTree = "<group>"; };
		C2353A39264B06DD00F507BB /* DoggiePediaModel.swift */ = {isa = PBXFileReference; lastKnownFileType = sourcecode.swift; path = DoggiePediaModel.swift; sourceTree = "<group>"; };
		C2353A3B264B07B600F507BB /* DoggiePediaViewModel.swift */ = {isa = PBXFileReference; lastKnownFileType = sourcecode.swift; path = DoggiePediaViewModel.swift; sourceTree = "<group>"; };
		C2A64B4C263081E8008A9710 /* doggiepedia.app */ = {isa = PBXFileReference; explicitFileType = wrapper.application; includeInIndex = 0; path = doggiepedia.app; sourceTree = BUILT_PRODUCTS_DIR; };
		C2A64B4F263081E8008A9710 /* AppDelegate.swift */ = {isa = PBXFileReference; lastKnownFileType = sourcecode.swift; path = AppDelegate.swift; sourceTree = "<group>"; };
		C2A64B51263081E8008A9710 /* SceneDelegate.swift */ = {isa = PBXFileReference; lastKnownFileType = sourcecode.swift; path = SceneDelegate.swift; sourceTree = "<group>"; };
		C2A64B53263081E8008A9710 /* ContentView.swift */ = {isa = PBXFileReference; lastKnownFileType = sourcecode.swift; path = ContentView.swift; sourceTree = "<group>"; };
		C2A64B56263081E8008A9710 /* doggiepedia.xcdatamodel */ = {isa = PBXFileReference; lastKnownFileType = wrapper.xcdatamodel; path = doggiepedia.xcdatamodel; sourceTree = "<group>"; };
		C2A64B58263081E9008A9710 /* Assets.xcassets */ = {isa = PBXFileReference; lastKnownFileType = folder.assetcatalog; path = Assets.xcassets; sourceTree = "<group>"; };
		C2A64B5B263081E9008A9710 /* Preview Assets.xcassets */ = {isa = PBXFileReference; lastKnownFileType = folder.assetcatalog; path = "Preview Assets.xcassets"; sourceTree = "<group>"; };
		C2A64B5E263081E9008A9710 /* Base */ = {isa = PBXFileReference; lastKnownFileType = file.storyboard; name = Base; path = Base.lproj/LaunchScreen.storyboard; sourceTree = "<group>"; };
		C2A64B60263081E9008A9710 /* Info.plist */ = {isa = PBXFileReference; lastKnownFileType = text.plist.xml; path = Info.plist; sourceTree = "<group>"; };
		C2EE1DA4264332DB00C57252 /* Coordinator.swift */ = {isa = PBXFileReference; lastKnownFileType = sourcecode.swift; path = Coordinator.swift; sourceTree = "<group>"; };
/* End PBXFileReference section */

/* Begin PBXFrameworksBuildPhase section */
		C2A64B49263081E8008A9710 /* Frameworks */ = {
			isa = PBXFrameworksBuildPhase;
			buildActionMask = 2147483647;
			files = (
			);
			runOnlyForDeploymentPostprocessing = 0;
		};
/* End PBXFrameworksBuildPhase section */

/* Begin PBXGroup section */
		C2A64B43263081E8008A9710 = {
			isa = PBXGroup;
			children = (
				C2A64B4E263081E8008A9710 /* doggiepedia */,
				C2A64B4D263081E8008A9710 /* Products */,
			);
			sourceTree = "<group>";
		};
		C2A64B4D263081E8008A9710 /* Products */ = {
			isa = PBXGroup;
			children = (
				C2A64B4C263081E8008A9710 /* doggiepedia.app */,
			);
			name = Products;
			sourceTree = "<group>";
		};
		C2A64B4E263081E8008A9710 /* doggiepedia */ = {
			isa = PBXGroup;
			children = (
				C2A64B4F263081E8008A9710 /* AppDelegate.swift */,
				C2A64B51263081E8008A9710 /* SceneDelegate.swift */,
				C2A64B53263081E8008A9710 /* ContentView.swift */,
				C2EE1DA4264332DB00C57252 /* Coordinator.swift */,
				C2353A39264B06DD00F507BB /* DoggiePediaModel.swift */,
				C2353A3B264B07B600F507BB /* DoggiePediaViewModel.swift */,
				C21A9BAF263C681000E89420 /* DoggiePediaModel 36 Breeds.mlmodel */,
				C2A64B58263081E9008A9710 /* Assets.xcassets */,
				C2A64B5D263081E9008A9710 /* LaunchScreen.storyboard */,
				C2A64B60263081E9008A9710 /* Info.plist */,
				C2A64B55263081E8008A9710 /* doggiepedia.xcdatamodeld */,
				C2A64B5A263081E9008A9710 /* Preview Content */,
			);
			path = doggiepedia;
			sourceTree = "<group>";
		};
		C2A64B5A263081E9008A9710 /* Preview Content */ = {
			isa = PBXGroup;
			children = (
				C2A64B5B263081E9008A9710 /* Preview Assets.xcassets */,
			);
			path = "Preview Content";
			sourceTree = "<group>";
		};
/* End PBXGroup section */

/* Begin PBXNativeTarget section */
		C2A64B4B263081E8008A9710 /* doggiepedia */ = {
			isa = PBXNativeTarget;
			buildConfigurationList = C2A64B63263081E9008A9710 /* Build configuration list for PBXNativeTarget "doggiepedia" */;
			buildPhases = (
				C2A64B48263081E8008A9710 /* Sources */,
				C2A64B49263081E8008A9710 /* Frameworks */,
				C2A64B4A263081E8008A9710 /* Resources */,
			);
			buildRules = (
			);
			dependencies = (
			);
			name = doggiepedia;
			productName = doggiepedia;
			productReference = C2A64B4C263081E8008A9710 /* doggiepedia.app */;
			productType = "com.apple.product-type.application";
		};
/* End PBXNativeTarget section */

/* Begin PBXProject section */
		C2A64B44263081E8008A9710 /* Project object */ = {
			isa = PBXProject;
			attributes = {
				LastSwiftUpdateCheck = 1240;
				LastUpgradeCheck = 1240;
				TargetAttributes = {
					C2A64B4B263081E8008A9710 = {
						CreatedOnToolsVersion = 12.4;
					};
				};
			};
			buildConfigurationList = C2A64B47263081E8008A9710 /* Build configuration list for PBXProject "doggiepedia" */;
			compatibilityVersion = "Xcode 9.3";
			developmentRegion = en;
			hasScannedForEncodings = 0;
			knownRegions = (
				en,
				Base,
			);
			mainGroup = C2A64B43263081E8008A9710;
			productRefGroup = C2A64B4D263081E8008A9710 /* Products */;
			projectDirPath = "";
			projectRoot = "";
			targets = (
				C2A64B4B263081E8008A9710 /* doggiepedia */,
			);
		};
/* End PBXProject section */

/* Begin PBXResourcesBuildPhase section */
		C2A64B4A263081E8008A9710 /* Resources */ = {
			isa = PBXResourcesBuildPhase;
			buildActionMask = 2147483647;
			files = (
				C2A64B5F263081E9008A9710 /* LaunchScreen.storyboard in Resources */,
				C2A64B5C263081E9008A9710 /* Preview Assets.xcassets in Resources */,
				C2A64B59263081E9008A9710 /* Assets.xcassets in Resources */,
			);
			runOnlyForDeploymentPostprocessing = 0;
		};
/* End PBXResourcesBuildPhase section */

/* Begin PBXSourcesBuildPhase section */
		C2A64B48263081E8008A9710 /* Sources */ = {
			isa = PBXSourcesBuildPhase;
			buildActionMask = 2147483647;
			files = (
				C2EE1DA5264332DB00C57252 /* Coordinator.swift in Sources */,
				C2A64B50263081E8008A9710 /* AppDelegate.swift in Sources */,
				C2A64B52263081E8008A9710 /* SceneDelegate.swift in Sources */,
				C2353A3C264B07B600F507BB /* DoggiePediaViewModel.swift in Sources */,
				C2A64B57263081E8008A9710 /* doggiepedia.xcdatamodeld in Sources */,
				C2A64B54263081E8008A9710 /* ContentView.swift in Sources */,
				C2353A3A264B06DD00F507BB /* DoggiePediaModel.swift in Sources */,
				C21A9BB0263C681000E89420 /* DoggiePediaModel 36 Breeds.mlmodel in Sources */,
			);
			runOnlyForDeploymentPostprocessing = 0;
		};
/* End PBXSourcesBuildPhase section */

/* Begin PBXVariantGroup section */
		C2A64B5D263081E9008A9710 /* LaunchScreen.storyboard */ = {
			isa = PBXVariantGroup;
			children = (
				C2A64B5E263081E9008A9710 /* Base */,
			);
			name = LaunchScreen.storyboard;
			sourceTree = "<group>";
		};
/* End PBXVariantGroup section */

/* Begin XCBuildConfiguration section */
		C2A64B61263081E9008A9710 /* Debug */ = {
			isa = XCBuildConfiguration;
			buildSettings = {
				ALWAYS_SEARCH_USER_PATHS = NO;
				CLANG_ANALYZER_NONNULL = YES;
				CLANG_ANALYZER_NUMBER_OBJECT_CONVERSION = YES_AGGRESSIVE;
				CLANG_CXX_LANGUAGE_STANDARD = "gnu++14";
				CLANG_CXX_LIBRARY = "libc++";
				CLANG_ENABLE_MODULES = YES;
				CLANG_ENABLE_OBJC_ARC = YES;
				CLANG_ENABLE_OBJC_WEAK = YES;
				CLANG_WARN_BLOCK_CAPTURE_AUTORELEASING = YES;
				CLANG_WARN_BOOL_CONVERSION = YES;
				CLANG_WARN_COMMA = YES;
				CLANG_WARN_CONSTANT_CONVERSION = YES;
				CLANG_WARN_DEPRECATED_OBJC_IMPLEMENTATIONS = YES;
				CLANG_WARN_DIRECT_OBJC_ISA_USAGE = YES_ERROR;
				CLANG_WARN_DOCUMENTATION_COMMENTS = YES;
				CLANG_WARN_EMPTY_BODY = YES;
				CLANG_WARN_ENUM_CONVERSION = YES;
				CLANG_WARN_INFINITE_RECURSION = YES;
				CLANG_WARN_INT_CONVERSION = YES;
				CLANG_WARN_NON_LITERAL_NULL_CONVERSION = YES;
				CLANG_WARN_OBJC_IMPLICIT_RETAIN_SELF = YES;
				CLANG_WARN_OBJC_LITERAL_CONVERSION = YES;
				CLANG_WARN_OBJC_ROOT_CLASS = YES_ERROR;
				CLANG_WARN_QUOTED_INCLUDE_IN_FRAMEWORK_HEADER = YES;
				CLANG_WARN_RANGE_LOOP_ANALYSIS = YES;
				CLANG_WARN_STRICT_PROTOTYPES = YES;
				CLANG_WARN_SUSPICIOUS_MOVE = YES;
				CLANG_WARN_UNGUARDED_AVAILABILITY = YES_AGGRESSIVE;
				CLANG_WARN_UNREACHABLE_CODE = YES;
				CLANG_WARN__DUPLICATE_METHOD_MATCH = YES;
				COPY_PHASE_STRIP = NO;
				DEBUG_INFORMATION_FORMAT = dwarf;
				ENABLE_STRICT_OBJC_MSGSEND = YES;
				ENABLE_TESTABILITY = YES;
				GCC_C_LANGUAGE_STANDARD = gnu11;
				GCC_DYNAMIC_NO_PIC = NO;
				GCC_NO_COMMON_BLOCKS = YES;
				GCC_OPTIMIZATION_LEVEL = 0;
				GCC_PREPROCESSOR_DEFINITIONS = (
					"DEBUG=1",
					"$(inherited)",
				);
				GCC_WARN_64_TO_32_BIT_CONVERSION = YES;
				GCC_WARN_ABOUT_RETURN_TYPE = YES_ERROR;
				GCC_WARN_UNDECLARED_SELECTOR = YES;
				GCC_WARN_UNINITIALIZED_AUTOS = YES_AGGRESSIVE;
				GCC_WARN_UNUSED_FUNCTION = YES;
				GCC_WARN_UNUSED_VARIABLE = YES;
				IPHONEOS_DEPLOYMENT_TARGET = 14.5;
				MTL_ENABLE_DEBUG_INFO = INCLUDE_SOURCE;
				MTL_FAST_MATH = YES;
				ONLY_ACTIVE_ARCH = YES;
				SDKROOT = iphoneos;
				SWIFT_ACTIVE_COMPILATION_CONDITIONS = DEBUG;
				SWIFT_OPTIMIZATION_LEVEL = "-Onone";
			};
			name = Debug;
		};
		C2A64B62263081E9008A9710 /* Release */ = {
			isa = XCBuildConfiguration;
			buildSettings = {
				ALWAYS_SEARCH_USER_PATHS = NO;
				CLANG_ANALYZER_NONNULL = YES;
				CLANG_ANALYZER_NUMBER_OBJECT_CONVERSION = YES_AGGRESSIVE;
				CLANG_CXX_LANGUAGE_STANDARD = "gnu++14";
				CLANG_CXX_LIBRARY = "libc++";
				CLANG_ENABLE_MODULES = YES;
				CLANG_ENABLE_OBJC_ARC = YES;
				CLANG_ENABLE_OBJC_WEAK = YES;
				CLANG_WARN_BLOCK_CAPTURE_AUTORELEASING = YES;
				CLANG_WARN_BOOL_CONVERSION = YES;
				CLANG_WARN_COMMA = YES;
				CLANG_WARN_CONSTANT_CONVERSION = YES;
				CLANG_WARN_DEPRECATED_OBJC_IMPLEMENTATIONS = YES;
				CLANG_WARN_DIRECT_OBJC_ISA_USAGE = YES_ERROR;
				CLANG_WARN_DOCUMENTATION_COMMENTS = YES;
				CLANG_WARN_EMPTY_BODY = YES;
				CLANG_WARN_ENUM_CONVERSION = YES;
				CLANG_WARN_INFINITE_RECURSION = YES;
				CLANG_WARN_INT_CONVERSION = YES;
				CLANG_WARN_NON_LITERAL_NULL_CONVERSION = YES;
				CLANG_WARN_OBJC_IMPLICIT_RETAIN_SELF = YES;
				CLANG_WARN_OBJC_LITERAL_CONVERSION = YES;
				CLANG_WARN_OBJC_ROOT_CLASS = YES_ERROR;
				CLANG_WARN_QUOTED_INCLUDE_IN_FRAMEWORK_HEADER = YES;
				CLANG_WARN_RANGE_LOOP_ANALYSIS = YES;
				CLANG_WARN_STRICT_PROTOTYPES = YES;
				CLANG_WARN_SUSPICIOUS_MOVE = YES;
				CLANG_WARN_UNGUARDED_AVAILABILITY = YES_AGGRESSIVE;
				CLANG_WARN_UNREACHABLE_CODE = YES;
				CLANG_WARN__DUPLICATE_METHOD_MATCH = YES;
				COPY_PHASE_STRIP = NO;
				DEBUG_INFORMATION_FORMAT = "dwarf-with-dsym";
				ENABLE_NS_ASSERTIONS = NO;
				ENABLE_STRICT_OBJC_MSGSEND = YES;
				GCC_C_LANGUAGE_STANDARD = gnu11;
				GCC_NO_COMMON_BLOCKS = YES;
				GCC_WARN_64_TO_32_BIT_CONVERSION = YES;
				GCC_WARN_ABOUT_RETURN_TYPE = YES_ERROR;
				GCC_WARN_UNDECLARED_SELECTOR = YES;
				GCC_WARN_UNINITIALIZED_AUTOS = YES_AGGRESSIVE;
				GCC_WARN_UNUSED_FUNCTION = YES;
				GCC_WARN_UNUSED_VARIABLE = YES;
				IPHONEOS_DEPLOYMENT_TARGET = 14.5;
				MTL_ENABLE_DEBUG_INFO = NO;
				MTL_FAST_MATH = YES;
				SDKROOT = iphoneos;
				SWIFT_COMPILATION_MODE = wholemodule;
				SWIFT_OPTIMIZATION_LEVEL = "-O";
				VALIDATE_PRODUCT = YES;
			};
			name = Release;
		};
		C2A64B64263081E9008A9710 /* Debug */ = {
			isa = XCBuildConfiguration;
			buildSettings = {
				ASSETCATALOG_COMPILER_APPICON_NAME = AppIcon;
				ASSETCATALOG_COMPILER_GLOBAL_ACCENT_COLOR_NAME = AccentColor;
				CODE_SIGN_STYLE = Automatic;
				DEVELOPMENT_ASSET_PATHS = "\"doggiepedia/Preview Content\"";
				DEVELOPMENT_TEAM = XA96R27RLD;
				ENABLE_PREVIEWS = YES;
				INFOPLIST_FILE = doggiepedia/Info.plist;
				LD_RUNPATH_SEARCH_PATHS = (
					"$(inherited)",
					"@executable_path/Frameworks",
				);
				PRODUCT_BUNDLE_IDENTIFIER = edu.sonoma.drakek.doggiepedia;
				PRODUCT_NAME = "$(TARGET_NAME)";
				SWIFT_VERSION = 5.0;
				TARGETED_DEVICE_FAMILY = "1,2";
			};
			name = Debug;
		};
		C2A64B65263081E9008A9710 /* Release */ = {
			isa = XCBuildConfiguration;
			buildSettings = {
				ASSETCATALOG_COMPILER_APPICON_NAME = AppIcon;
				ASSETCATALOG_COMPILER_GLOBAL_ACCENT_COLOR_NAME = AccentColor;
				CODE_SIGN_STYLE = Automatic;
				DEVELOPMENT_ASSET_PATHS = "\"doggiepedia/Preview Content\"";
				DEVELOPMENT_TEAM = XA96R27RLD;
				ENABLE_PREVIEWS = YES;
				INFOPLIST_FILE = doggiepedia/Info.plist;
				LD_RUNPATH_SEARCH_PATHS = (
					"$(inherited)",
					"@executable_path/Frameworks",
				);
				PRODUCT_BUNDLE_IDENTIFIER = edu.sonoma.drakek.doggiepedia;
				PRODUCT_NAME = "$(TARGET_NAME)";
				SWIFT_VERSION = 5.0;
				TARGETED_DEVICE_FAMILY = "1,2";
			};
			name = Release;
		};
/* End XCBuildConfiguration section */

/* Begin XCConfigurationList section */
		C2A64B47263081E8008A9710 /* Build configuration list for PBXProject "doggiepedia" */ = {
			isa = XCConfigurationList;
			buildConfigurations = (
				C2A64B61263081E9008A9710 /* Debug */,
				C2A64B62263081E9008A9710 /* Release */,
			);
			defaultConfigurationIsVisible = 0;
			defaultConfigurationName = Release;
		};
		C2A64B63263081E9008A9710 /* Build configuration list for PBXNativeTarget "doggiepedia" */ = {
			isa = XCConfigurationList;
			buildConfigurations = (
				C2A64B64263081E9008A9710 /* Debug */,
				C2A64B65263081E9008A9710 /* Release */,
			);
			defaultConfigurationIsVisible = 0;
			defaultConfigurationName = Release;
		};
/* End XCConfigurationList section */

/* Begin XCVersionGroup section */
		C2A64B55263081E8008A9710 /* doggiepedia.xcdatamodeld */ = {
			isa = XCVersionGroup;
			children = (
				C2A64B56263081E8008A9710 /* doggiepedia.xcdatamodel */,
			);
			currentVersion = C2A64B56263081E8008A9710 /* doggiepedia.xcdatamodel */;
			path = doggiepedia.xcdatamodeld;
			sourceTree = "<group>";
			versionGroupType = wrapper.xcdatamodel;
		};
/* End XCVersionGroup section */
	};
	rootObject = C2A64B44263081E8008A9710 /* Project object */;
}
